
Microsoft Visual Studio Solution File, Format Version 12.00
# Visual Studio Version 17
VisualStudioVersion = 17.4.33205.214
MinimumVisualStudioVersion = 10.0.40219.1
Project("{FAE04EC0-301F-11D3-BF4B-00C04F79EFBC}") = "D3ADWebsite", "D3ADWebsite.csproj", "{7E71AFE6-65B2-42F8-8E3D-C3D5676C6C4D}"
EndProject
Global
	GlobalSection(SolutionConfigurationPlatforms) = preSolution
		Debug|Any CPU = Debug|Any CPU
		Release|Any CPU = Release|Any CPU
	EndGlobalSection
	GlobalSection(ProjectConfigurationPlatforms) = postSolution
		{7E71AFE6-65B2-42F8-8E3D-C3D5676C6C4D}.Debug|Any CPU.ActiveCfg = Debug|Any CPU
		{7E71AFE6-65B2-42F8-8E3D-C3D5676C6C4D}.Debug|Any CPU.Build.0 = Debug|Any CPU
		{7E71AFE6-65B2-42F8-8E3D-C3D5676C6C4D}.Release|Any CPU.ActiveCfg = Release|Any CPU
		{7E71AFE6-65B2-42F8-8E3D-C3D5676C6C4D}.Release|Any CPU.Build.0 = Release|Any CPU
	EndGlobalSection
	GlobalSection(SolutionProperties) = preSolution
		HideSolutionNode = FALSE
	EndGlobalSection
	GlobalSection(ExtensibilityGlobals) = postSolution
		SolutionGuid = {31B21E4B-AE77-4389-9E6B-03F8C51D00B9}
	EndGlobalSection
EndGlobal
